
Microsoft Visual Studio Solution File, Format Version 12.00
# Visual Studio Version 17
VisualStudioVersion = 17.14.36408.4 d17.14
MinimumVisualStudioVersion = 10.0.40219.1
Project("{8BC9CEB8-8B4A-11D0-8D11-00A0C91BC942}") = "core", "core\core.vcxproj", "{F0EB78FE-D8A3-476D-BD89-512AFD056519}"
EndProject
Global
	GlobalSection(SolutionConfigurationPlatforms) = preSolution
		Debug|x64 = Debug|x64
		Debug|x86 = Debug|x86
		Release|x64 = Release|x64
		Release|x86 = Release|x86
	EndGlobalSection
	GlobalSection(ProjectConfigurationPlatforms) = postSolution
		{F0EB78FE-D8A3-476D-BD89-512AFD056519}.Debug|x64.ActiveCfg = Debug|x64
		{F0EB78FE-D8A3-476D-BD89-512AFD056519}.Debug|x64.Build.0 = Debug|x64
		{F0EB78FE-D8A3-476D-BD89-512AFD056519}.Debug|x86.ActiveCfg = Debug|Win32
		{F0EB78FE-D8A3-476D-BD89-512AFD056519}.Debug|x86.Build.0 = Debug|Win32
		{F0EB78FE-D8A3-476D-BD89-512AFD056519}.Release|x64.ActiveCfg = Release|x64
		{F0EB78FE-D8A3-476D-BD89-512AFD056519}.Release|x64.Build.0 = Release|x64
		{F0EB78FE-D8A3-476D-BD89-512AFD056519}.Release|x86.ActiveCfg = Release|Win32
		{F0EB78FE-D8A3-476D-BD89-512AFD056519}.Release|x86.Build.0 = Release|Win32
	EndGlobalSection
	GlobalSection(SolutionProperties) = preSolution
		HideSolutionNode = FALSE
	EndGlobalSection
	GlobalSection(ExtensibilityGlobals) = postSolution
		SolutionGuid = {669147D0-B479-45F5-9CCD-0CEFDD0FF8F5}
	EndGlobalSection
EndGlobal
